
Microsoft Visual Studio Solution File, Format Version 12.00
# Visual Studio Version 17
VisualStudioVersion = 17.8.34511.84
MinimumVisualStudioVersion = 10.0.40219.1
Project("{FAE04EC0-301F-11D3-BF4B-00C04F79EFBC}") = "Portfolio", "Portfolio\Portfolio.csproj", "{CE1728D3-2995-4392-9758-51B8D99AE277}"
EndProject
Global
	GlobalSection(SolutionConfigurationPlatforms) = preSolution
		Debug|Any CPU = Debug|Any CPU
		Release|Any CPU = Release|Any CPU
	EndGlobalSection
	GlobalSection(ProjectConfigurationPlatforms) = postSolution
		{CE1728D3-2995-4392-9758-51B8D99AE277}.Debug|Any CPU.ActiveCfg = Debug|Any CPU
		{CE1728D3-2995-4392-9758-51B8D99AE277}.Debug|Any CPU.Build.0 = Debug|Any CPU
		{CE1728D3-2995-4392-9758-51B8D99AE277}.Release|Any CPU.ActiveCfg = Release|Any CPU
		{CE1728D3-2995-4392-9758-51B8D99AE277}.Release|Any CPU.Build.0 = Release|Any CPU
	EndGlobalSection
	GlobalSection(SolutionProperties) = preSolution
		HideSolutionNode = FALSE
	EndGlobalSection
	GlobalSection(ExtensibilityGlobals) = postSolution
		SolutionGuid = {5F6E35F3-B6AC-4E3E-9345-3E1760EECA1C}
	EndGlobalSection
EndGlobal
